{
  "nodes": {
    "kasumi": {
      "inputs": {
        "nixpkgs": [
          "nixpkgs"
        ]
      },
      "locked": {
        "lastModified": 1771871028,
        "narHash": "sha256-7wWIOhVFquqToQhsGkpZzO//tL3GtURuNybxj92yYrs=",
        "rev": "cc0a6826be2c4c4c6a419d7b420980b5d58bebca",
        "type": "tarball",
        "url": "https://codeberg.org/api/v1/repos/nadevko/kasumi/archive/cc0a6826be2c4c4c6a419d7b420980b5d58bebca.tar.gz"
      },
      "original": {
        "type": "tarball",
        "url": "https://codeberg.org/api/v1/repos/nadevko/kasumi/archive/cc0a6826be2c4c4c6a419d7b420980b5d58bebca.tar.gz"
      }
    },
    "nixpkgs": {
      "locked": {
        "lastModified": 1773389992,
        "narHash": "sha256-wLdaFm1T0uzQya3eG/5+LPbmyB92jE/AnMtVY6re818=",
        "rev": "c06b4ae3d6599a672a6210b7021d699c351eebda",
        "type": "tarball",
        "url": "https://releases.nixos.org/nixos/unstable/nixos-26.05pre962836.c06b4ae3d659/nixexprs.tar.xz"
      },
      "original": {
        "type": "tarball",
        "url": "https://channels.nixos.org/nixos-unstable/nixexprs.tar.xz"
      }
    },
    "root": {
      "inputs": {
        "kasumi": "kasumi",
        "nixpkgs": "nixpkgs"
      }
    }
  },
  "root": "root",
  "version": 7
}
